
Microsoft Visual Studio Solution File, Format Version 12.00
# Visual Studio Version 17
VisualStudioVersion = 17.0.32126.317
MinimumVisualStudioVersion = 10.0.40219.1
Project("{9A19103F-16F7-4668-BE54-9A1E7A4F7556}") = "SignalR", "SignalR\SignalR.csproj", "{64360C28-D1BD-49FE-A563-7A84879C5C74}"
EndProject
Project("{FAE04EC0-301F-11D3-BF4B-00C04F79EFBC}") = "winForm -signalR_Client", "winForm -signalR_Client\winForm -signalR_Client.csproj", "{75572CE6-1F38-463A-BA1D-FE02EDFF3059}"
EndProject
Global
	GlobalSection(SolutionConfigurationPlatforms) = preSolution
		Debug|Any CPU = Debug|Any CPU
		Release|Any CPU = Release|Any CPU
	EndGlobalSection
	GlobalSection(ProjectConfigurationPlatforms) = postSolution
		{64360C28-D1BD-49FE-A563-7A84879C5C74}.Debug|Any CPU.ActiveCfg = Debug|Any CPU
		{64360C28-D1BD-49FE-A563-7A84879C5C74}.Debug|Any CPU.Build.0 = Debug|Any CPU
		{64360C28-D1BD-49FE-A563-7A84879C5C74}.Release|Any CPU.ActiveCfg = Release|Any CPU
		{64360C28-D1BD-49FE-A563-7A84879C5C74}.Release|Any CPU.Build.0 = Release|Any CPU
		{75572CE6-1F38-463A-BA1D-FE02EDFF3059}.Debug|Any CPU.ActiveCfg = Debug|Any CPU
		{75572CE6-1F38-463A-BA1D-FE02EDFF3059}.Debug|Any CPU.Build.0 = Debug|Any CPU
		{75572CE6-1F38-463A-BA1D-FE02EDFF3059}.Release|Any CPU.ActiveCfg = Release|Any CPU
		{75572CE6-1F38-463A-BA1D-FE02EDFF3059}.Release|Any CPU.Build.0 = Release|Any CPU
	EndGlobalSection
	GlobalSection(SolutionProperties) = preSolution
		HideSolutionNode = FALSE
	EndGlobalSection
	GlobalSection(ExtensibilityGlobals) = postSolution
		SolutionGuid = {CBE8565E-8F23-4707-A840-C6BB01574902}
	EndGlobalSection
EndGlobal
